
Microsoft Visual Studio Solution File, Format Version 12.00
# Visual Studio Version 16
VisualStudioVersion = 16.0.32126.315
MinimumVisualStudioVersion = 10.0.40219.1
Project("{FAE04EC0-301F-11D3-BF4B-00C04F79EFBC}") = "FindingThePrimes", "FindingThePrimes\FindingThePrimes.csproj", "{203274E9-EFAA-41EB-AB4F-C5A4D64EA028}"
EndProject
Global
	GlobalSection(SolutionConfigurationPlatforms) = preSolution
		Debug|Any CPU = Debug|Any CPU
		Release|Any CPU = Release|Any CPU
	EndGlobalSection
	GlobalSection(ProjectConfigurationPlatforms) = postSolution
		{203274E9-EFAA-41EB-AB4F-C5A4D64EA028}.Debug|Any CPU.ActiveCfg = Debug|Any CPU
		{203274E9-EFAA-41EB-AB4F-C5A4D64EA028}.Debug|Any CPU.Build.0 = Debug|Any CPU
		{203274E9-EFAA-41EB-AB4F-C5A4D64EA028}.Release|Any CPU.ActiveCfg = Release|Any CPU
		{203274E9-EFAA-41EB-AB4F-C5A4D64EA028}.Release|Any CPU.Build.0 = Release|Any CPU
	EndGlobalSection
	GlobalSection(SolutionProperties) = preSolution
		HideSolutionNode = FALSE
	EndGlobalSection
	GlobalSection(ExtensibilityGlobals) = postSolution
		SolutionGuid = {13239C2C-E747-4C72-954B-96F2D29CDF01}
	EndGlobalSection
EndGlobal
